
Microsoft Visual Studio Solution File, Format Version 12.00
# Visual Studio Version 16
VisualStudioVersion = 16.0.30320.27
MinimumVisualStudioVersion = 10.0.40219.1
Project("{9A19103F-16F7-4668-BE54-9A1E7A4F7556}") = "BeerClassifier.ConsoleApp", "BeerClassifier\BeerClassifier.ConsoleApp.csproj", "{A9266009-8F49-4978-AAD5-B31E0D31C272}"
EndProject
Project("{9A19103F-16F7-4668-BE54-9A1E7A4F7556}") = "BeerClassifer.WebApp", "BeerClassWebApp\BeerClassifer.WebApp.csproj", "{E85D62A2-205F-4842-946F-10EAEC6AC507}"
EndProject
Project("{9A19103F-16F7-4668-BE54-9A1E7A4F7556}") = "BeerClassifier.Services", "BeerClassifier.Services\BeerClassifier.Services.csproj", "{8F7390BA-F69D-4E65-B98D-EA090EA63667}"
EndProject
Project("{2150E333-8FDC-42A3-9474-1A3956D46DE8}") = "4.Presentation", "4.Presentation", "{60405884-8706-4051-86E2-D89AC50CA964}"
EndProject
Project("{2150E333-8FDC-42A3-9474-1A3956D46DE8}") = "3.Services", "3.Services", "{56DD38CE-C360-4F82-9949-40540A37DF2D}"
EndProject
Project("{2150E333-8FDC-42A3-9474-1A3956D46DE8}") = "2.Repositories", "2.Repositories", "{B23732BD-6BF3-458B-994F-9A0B883769FE}"
EndProject
Project("{9A19103F-16F7-4668-BE54-9A1E7A4F7556}") = "MongoRepository", "MongoRepository\MongoRepository.csproj", "{29DB90D1-95AE-419D-A1DD-42833FB178C1}"
EndProject
Project("{2150E333-8FDC-42A3-9474-1A3956D46DE8}") = "1.Entities", "1.Entities", "{6F8AA558-E681-4E0A-A01F-969FB5D2E002}"
EndProject
Project("{9A19103F-16F7-4668-BE54-9A1E7A4F7556}") = "BeerClassfier.Entities", "BeerClassfier.Entities\BeerClassfier.Entities.csproj", "{353E3351-2EC7-4EE2-9BD1-B4DA09781CF0}"
EndProject
Global
	GlobalSection(SolutionConfigurationPlatforms) = preSolution
		Debug|Any CPU = Debug|Any CPU
		Release|Any CPU = Release|Any CPU
	EndGlobalSection
	GlobalSection(ProjectConfigurationPlatforms) = postSolution
		{A9266009-8F49-4978-AAD5-B31E0D31C272}.Debug|Any CPU.ActiveCfg = Debug|Any CPU
		{A9266009-8F49-4978-AAD5-B31E0D31C272}.Debug|Any CPU.Build.0 = Debug|Any CPU
		{A9266009-8F49-4978-AAD5-B31E0D31C272}.Release|Any CPU.ActiveCfg = Release|Any CPU
		{A9266009-8F49-4978-AAD5-B31E0D31C272}.Release|Any CPU.Build.0 = Release|Any CPU
		{E85D62A2-205F-4842-946F-10EAEC6AC507}.Debug|Any CPU.ActiveCfg = Debug|Any CPU
		{E85D62A2-205F-4842-946F-10EAEC6AC507}.Debug|Any CPU.Build.0 = Debug|Any CPU
		{E85D62A2-205F-4842-946F-10EAEC6AC507}.Release|Any CPU.ActiveCfg = Release|Any CPU
		{E85D62A2-205F-4842-946F-10EAEC6AC507}.Release|Any CPU.Build.0 = Release|Any CPU
		{8F7390BA-F69D-4E65-B98D-EA090EA63667}.Debug|Any CPU.ActiveCfg = Debug|Any CPU
		{8F7390BA-F69D-4E65-B98D-EA090EA63667}.Debug|Any CPU.Build.0 = Debug|Any CPU
		{8F7390BA-F69D-4E65-B98D-EA090EA63667}.Release|Any CPU.ActiveCfg = Release|Any CPU
		{8F7390BA-F69D-4E65-B98D-EA090EA63667}.Release|Any CPU.Build.0 = Release|Any CPU
		{29DB90D1-95AE-419D-A1DD-42833FB178C1}.Debug|Any CPU.ActiveCfg = Debug|Any CPU
		{29DB90D1-95AE-419D-A1DD-42833FB178C1}.Debug|Any CPU.Build.0 = Debug|Any CPU
		{29DB90D1-95AE-419D-A1DD-42833FB178C1}.Release|Any CPU.ActiveCfg = Release|Any CPU
		{29DB90D1-95AE-419D-A1DD-42833FB178C1}.Release|Any CPU.Build.0 = Release|Any CPU
		{353E3351-2EC7-4EE2-9BD1-B4DA09781CF0}.Debug|Any CPU.ActiveCfg = Debug|Any CPU
		{353E3351-2EC7-4EE2-9BD1-B4DA09781CF0}.Debug|Any CPU.Build.0 = Debug|Any CPU
		{353E3351-2EC7-4EE2-9BD1-B4DA09781CF0}.Release|Any CPU.ActiveCfg = Release|Any CPU
		{353E3351-2EC7-4EE2-9BD1-B4DA09781CF0}.Release|Any CPU.Build.0 = Release|Any CPU
	EndGlobalSection
	GlobalSection(SolutionProperties) = preSolution
		HideSolutionNode = FALSE
	EndGlobalSection
	GlobalSection(NestedProjects) = preSolution
		{A9266009-8F49-4978-AAD5-B31E0D31C272} = {60405884-8706-4051-86E2-D89AC50CA964}
		{E85D62A2-205F-4842-946F-10EAEC6AC507} = {60405884-8706-4051-86E2-D89AC50CA964}
		{8F7390BA-F69D-4E65-B98D-EA090EA63667} = {56DD38CE-C360-4F82-9949-40540A37DF2D}
		{29DB90D1-95AE-419D-A1DD-42833FB178C1} = {B23732BD-6BF3-458B-994F-9A0B883769FE}
		{353E3351-2EC7-4EE2-9BD1-B4DA09781CF0} = {6F8AA558-E681-4E0A-A01F-969FB5D2E002}
	EndGlobalSection
	GlobalSection(ExtensibilityGlobals) = postSolution
		SolutionGuid = {99CCF62F-32C5-427E-8A82-3B2853C5F671}
	EndGlobalSection
EndGlobal
